
Microsoft Visual Studio Solution File, Format Version 12.00
# Visual Studio Version 17
VisualStudioVersion = 17.13.35931.197 d17.13
MinimumVisualStudioVersion = 10.0.40219.1
Project("{FAE04EC0-301F-11D3-BF4B-00C04F79EFBC}") = "TaskManagerApp", "TaskManagerApp.csproj", "{F6183C5A-6826-4439-B23F-EE783C53ACBE}"
EndProject
Global
	GlobalSection(SolutionConfigurationPlatforms) = preSolution
		Debug|Any CPU = Debug|Any CPU
		Release|Any CPU = Release|Any CPU
	EndGlobalSection
	GlobalSection(ProjectConfigurationPlatforms) = postSolution
		{F6183C5A-6826-4439-B23F-EE783C53ACBE}.Debug|Any CPU.ActiveCfg = Debug|Any CPU
		{F6183C5A-6826-4439-B23F-EE783C53ACBE}.Debug|Any CPU.Build.0 = Debug|Any CPU
		{F6183C5A-6826-4439-B23F-EE783C53ACBE}.Release|Any CPU.ActiveCfg = Release|Any CPU
		{F6183C5A-6826-4439-B23F-EE783C53ACBE}.Release|Any CPU.Build.0 = Release|Any CPU
	EndGlobalSection
	GlobalSection(SolutionProperties) = preSolution
		HideSolutionNode = FALSE
	EndGlobalSection
	GlobalSection(ExtensibilityGlobals) = postSolution
		SolutionGuid = {D7608949-38FE-4941-9C9D-1C0F1726084F}
	EndGlobalSection
EndGlobal
